// !$*UTF8*$!
{
	archiveVersion = 1;
	classes = {
	};
	objectVersion = 50;
	objects = {

/* Begin PBXBuildFile section */
		B7524650218A327B0063F422 /* ExampleCollectionView.swift in Sources */ = {isa = PBXBuildFile; fileRef = B752464F218A327B0063F422 /* ExampleCollectionView.swift */; };
		B770098E2182073E00AB1313 /* AppDelegate.swift in Sources */ = {isa = PBXBuildFile; fileRef = B770098D2182073E00AB1313 /* AppDelegate.swift */; };
		B77009902182073E00AB1313 /* MainViewController.swift in Sources */ = {isa = PBXBuildFile; fileRef = B770098F2182073E00AB1313 /* MainViewController.swift */; };
		B77009952182073F00AB1313 /* Assets.xcassets in Resources */ = {isa = PBXBuildFile; fileRef = B77009942182073F00AB1313 /* Assets.xcassets */; };
		B77009982182073F00AB1313 /* LaunchScreen.storyboard in Resources */ = {isa = PBXBuildFile; fileRef = B77009962182073F00AB1313 /* LaunchScreen.storyboard */; };
		B77009A32182073F00AB1313 /* LigatureLayoutBugTests.swift in Sources */ = {isa = PBXBuildFile; fileRef = B77009A22182073F00AB1313 /* LigatureLayoutBugTests.swift */; };
		B77009AE2182073F00AB1313 /* LigatureLayoutBugUITests.swift in Sources */ = {isa = PBXBuildFile; fileRef = B77009AD2182073F00AB1313 /* LigatureLayoutBugUITests.swift */; };
		B77009BC2182090D00AB1313 /* LabelCollectionViewCell.swift in Sources */ = {isa = PBXBuildFile; fileRef = B77009BB2182090D00AB1313 /* LabelCollectionViewCell.swift */; };
		B77009BE21820B1600AB1313 /* ExampleView.swift in Sources */ = {isa = PBXBuildFile; fileRef = B77009BD21820B1600AB1313 /* ExampleView.swift */; };
/* End PBXBuildFile section */

/* Begin PBXContainerItemProxy section */
		B770099F2182073F00AB1313 /* PBXContainerItemProxy */ = {
			isa = PBXContainerItemProxy;
			containerPortal = B77009822182073E00AB1313 /* Project object */;
			proxyType = 1;
			remoteGlobalIDString = B77009892182073E00AB1313;
			remoteInfo = LigatureLayoutBug;
		};
		B77009AA2182073F00AB1313 /* PBXContainerItemProxy */ = {
			isa = PBXContainerItemProxy;
			containerPortal = B77009822182073E00AB1313 /* Project object */;
			proxyType = 1;
			remoteGlobalIDString = B77009892182073E00AB1313;
			remoteInfo = LigatureLayoutBug;
		};
/* End PBXContainerItemProxy section */

/* Begin PBXFileReference section */
		B752464F218A327B0063F422 /* ExampleCollectionView.swift */ = {isa = PBXFileReference; lastKnownFileType = sourcecode.swift; path = ExampleCollectionView.swift; sourceTree = "<group>"; };
		B770098A2182073E00AB1313 /* LigatureLayoutBug.app */ = {isa = PBXFileReference; explicitFileType = wrapper.application; includeInIndex = 0; path = LigatureLayoutBug.app; sourceTree = BUILT_PRODUCTS_DIR; };
		B770098D2182073E00AB1313 /* AppDelegate.swift */ = {isa = PBXFileReference; lastKnownFileType = sourcecode.swift; path = AppDelegate.swift; sourceTree = "<group>"; };
		B770098F2182073E00AB1313 /* MainViewController.swift */ = {isa = PBXFileReference; lastKnownFileType = sourcecode.swift; path = MainViewController.swift; sourceTree = "<group>"; };
		B77009942182073F00AB1313 /* Assets.xcassets */ = {isa = PBXFileReference; lastKnownFileType = folder.assetcatalog; path = Assets.xcassets; sourceTree = "<group>"; };
		B77009972182073F00AB1313 /* Base */ = {isa = PBXFileReference; lastKnownFileType = file.storyboard; name = Base; path = Base.lproj/LaunchScreen.storyboard; sourceTree = "<group>"; };
		B77009992182073F00AB1313 /* Info.plist */ = {isa = PBXFileReference; lastKnownFileType = text.plist.xml; path = Info.plist; sourceTree = "<group>"; };
		B770099E2182073F00AB1313 /* LigatureLayoutBugTests.xctest */ = {isa = PBXFileReference; explicitFileType = wrapper.cfbundle; includeInIndex = 0; path = LigatureLayoutBugTests.xctest; sourceTree = BUILT_PRODUCTS_DIR; };
		B77009A22182073F00AB1313 /* LigatureLayoutBugTests.swift */ = {isa = PBXFileReference; lastKnownFileType = sourcecode.swift; path = LigatureLayoutBugTests.swift; sourceTree = "<group>"; };
		B77009A42182073F00AB1313 /* Info.plist */ = {isa = PBXFileReference; lastKnownFileType = text.plist.xml; path = Info.plist; sourceTree = "<group>"; };
		B77009A92182073F00AB1313 /* LigatureLayoutBugUITests.xctest */ = {isa = PBXFileReference; explicitFileType = wrapper.cfbundle; includeInIndex = 0; path = LigatureLayoutBugUITests.xctest; sourceTree = BUILT_PRODUCTS_DIR; };
		B77009AD2182073F00AB1313 /* LigatureLayoutBugUITests.swift */ = {isa = PBXFileReference; lastKnownFileType = sourcecode.swift; path = LigatureLayoutBugUITests.swift; sourceTree = "<group>"; };
		B77009AF2182073F00AB1313 /* Info.plist */ = {isa = PBXFileReference; lastKnownFileType = text.plist.xml; path = Info.plist; sourceTree = "<group>"; };
		B77009BB2182090D00AB1313 /* LabelCollectionViewCell.swift */ = {isa = PBXFileReference; lastKnownFileType = sourcecode.swift; path = LabelCollectionViewCell.swift; sourceTree = "<group>"; };
		B77009BD21820B1600AB1313 /* ExampleView.swift */ = {isa = PBXFileReference; lastKnownFileType = sourcecode.swift; path = ExampleView.swift; sourceTree = "<group>"; };
/* End PBXFileReference section */

/* Begin PBXFrameworksBuildPhase section */
		B77009872182073E00AB1313 /* Frameworks */ = {
			isa = PBXFrameworksBuildPhase;
			buildActionMask = 2147483647;
			files = (
			);
			runOnlyForDeploymentPostprocessing = 0;
		};
		B770099B2182073F00AB1313 /* Frameworks */ = {
			isa = PBXFrameworksBuildPhase;
			buildActionMask = 2147483647;
			files = (
			);
			runOnlyForDeploymentPostprocessing = 0;
		};
		B77009A62182073F00AB1313 /* Frameworks */ = {
			isa = PBXFrameworksBuildPhase;
			buildActionMask = 2147483647;
			files = (
			);
			runOnlyForDeploymentPostprocessing = 0;
		};
/* End PBXFrameworksBuildPhase section */

/* Begin PBXGroup section */
		B77009812182073E00AB1313 = {
			isa = PBXGroup;
			children = (
				B770098C2182073E00AB1313 /* LigatureLayoutBug */,
				B77009A12182073F00AB1313 /* LigatureLayoutBugTests */,
				B77009AC2182073F00AB1313 /* LigatureLayoutBugUITests */,
				B770098B2182073E00AB1313 /* Products */,
			);
			sourceTree = "<group>";
		};
		B770098B2182073E00AB1313 /* Products */ = {
			isa = PBXGroup;
			children = (
				B770098A2182073E00AB1313 /* LigatureLayoutBug.app */,
				B770099E2182073F00AB1313 /* LigatureLayoutBugTests.xctest */,
				B77009A92182073F00AB1313 /* LigatureLayoutBugUITests.xctest */,
			);
			name = Products;
			sourceTree = "<group>";
		};
		B770098C2182073E00AB1313 /* LigatureLayoutBug */ = {
			isa = PBXGroup;
			children = (
				B770098D2182073E00AB1313 /* AppDelegate.swift */,
				B770098F2182073E00AB1313 /* MainViewController.swift */,
				B77009BB2182090D00AB1313 /* LabelCollectionViewCell.swift */,
				B77009BD21820B1600AB1313 /* ExampleView.swift */,
				B752464F218A327B0063F422 /* ExampleCollectionView.swift */,
				B77009942182073F00AB1313 /* Assets.xcassets */,
				B77009962182073F00AB1313 /* LaunchScreen.storyboard */,
				B77009992182073F00AB1313 /* Info.plist */,
			);
			path = LigatureLayoutBug;
			sourceTree = "<group>";
		};
		B77009A12182073F00AB1313 /* LigatureLayoutBugTests */ = {
			isa = PBXGroup;
			children = (
				B77009A22182073F00AB1313 /* LigatureLayoutBugTests.swift */,
				B77009A42182073F00AB1313 /* Info.plist */,
			);
			path = LigatureLayoutBugTests;
			sourceTree = "<group>";
		};
		B77009AC2182073F00AB1313 /* LigatureLayoutBugUITests */ = {
			isa = PBXGroup;
			children = (
				B77009AD2182073F00AB1313 /* LigatureLayoutBugUITests.swift */,
				B77009AF2182073F00AB1313 /* Info.plist */,
			);
			path = LigatureLayoutBugUITests;
			sourceTree = "<group>";
		};
/* End PBXGroup section */

/* Begin PBXNativeTarget section */
		B77009892182073E00AB1313 /* LigatureLayoutBug */ = {
			isa = PBXNativeTarget;
			buildConfigurationList = B77009B22182073F00AB1313 /* Build configuration list for PBXNativeTarget "LigatureLayoutBug" */;
			buildPhases = (
				B77009862182073E00AB1313 /* Sources */,
				B77009872182073E00AB1313 /* Frameworks */,
				B77009882182073E00AB1313 /* Resources */,
			);
			buildRules = (
			);
			dependencies = (
			);
			name = LigatureLayoutBug;
			productName = LigatureLayoutBug;
			productReference = B770098A2182073E00AB1313 /* LigatureLayoutBug.app */;
			productType = "com.apple.product-type.application";
		};
		B770099D2182073F00AB1313 /* LigatureLayoutBugTests */ = {
			isa = PBXNativeTarget;
			buildConfigurationList = B77009B52182073F00AB1313 /* Build configuration list for PBXNativeTarget "LigatureLayoutBugTests" */;
			buildPhases = (
				B770099A2182073F00AB1313 /* Sources */,
				B770099B2182073F00AB1313 /* Frameworks */,
				B770099C2182073F00AB1313 /* Resources */,
			);
			buildRules = (
			);
			dependencies = (
				B77009A02182073F00AB1313 /* PBXTargetDependency */,
			);
			name = LigatureLayoutBugTests;
			productName = LigatureLayoutBugTests;
			productReference = B770099E2182073F00AB1313 /* LigatureLayoutBugTests.xctest */;
			productType = "com.apple.product-type.bundle.unit-test";
		};
		B77009A82182073F00AB1313 /* LigatureLayoutBugUITests */ = {
			isa = PBXNativeTarget;
			buildConfigurationList = B77009B82182073F00AB1313 /* Build configuration list for PBXNativeTarget "LigatureLayoutBugUITests" */;
			buildPhases = (
				B77009A52182073F00AB1313 /* Sources */,
				B77009A62182073F00AB1313 /* Frameworks */,
				B77009A72182073F00AB1313 /* Resources */,
			);
			buildRules = (
			);
			dependencies = (
				B77009AB2182073F00AB1313 /* PBXTargetDependency */,
			);
			name = LigatureLayoutBugUITests;
			productName = LigatureLayoutBugUITests;
			productReference = B77009A92182073F00AB1313 /* LigatureLayoutBugUITests.xctest */;
			productType = "com.apple.product-type.bundle.ui-testing";
		};
/* End PBXNativeTarget section */

/* Begin PBXProject section */
		B77009822182073E00AB1313 /* Project object */ = {
			isa = PBXProject;
			attributes = {
				LastSwiftUpdateCheck = 0940;
				LastUpgradeCheck = 0940;
				ORGANIZATIONNAME = "Nicole Souvenir";
				TargetAttributes = {
					B77009892182073E00AB1313 = {
						CreatedOnToolsVersion = 9.4.1;
					};
					B770099D2182073F00AB1313 = {
						CreatedOnToolsVersion = 9.4.1;
						TestTargetID = B77009892182073E00AB1313;
					};
					B77009A82182073F00AB1313 = {
						CreatedOnToolsVersion = 9.4.1;
						TestTargetID = B77009892182073E00AB1313;
					};
				};
			};
			buildConfigurationList = B77009852182073E00AB1313 /* Build configuration list for PBXProject "LigatureLayoutBug" */;
			compatibilityVersion = "Xcode 9.3";
			developmentRegion = en;
			hasScannedForEncodings = 0;
			knownRegions = (
				en,
				Base,
			);
			mainGroup = B77009812182073E00AB1313;
			productRefGroup = B770098B2182073E00AB1313 /* Products */;
			projectDirPath = "";
			projectRoot = "";
			targets = (
				B77009892182073E00AB1313 /* LigatureLayoutBug */,
				B770099D2182073F00AB1313 /* LigatureLayoutBugTests */,
				B77009A82182073F00AB1313 /* LigatureLayoutBugUITests */,
			);
		};
/* End PBXProject section */

/* Begin PBXResourcesBuildPhase section */
		B77009882182073E00AB1313 /* Resources */ = {
			isa = PBXResourcesBuildPhase;
			buildActionMask = 2147483647;
			files = (
				B77009982182073F00AB1313 /* LaunchScreen.storyboard in Resources */,
				B77009952182073F00AB1313 /* Assets.xcassets in Resources */,
			);
			runOnlyForDeploymentPostprocessing = 0;
		};
		B770099C2182073F00AB1313 /* Resources */ = {
			isa = PBXResourcesBuildPhase;
			buildActionMask = 2147483647;
			files = (
			);
			runOnlyForDeploymentPostprocessing = 0;
		};
		B77009A72182073F00AB1313 /* Resources */ = {
			isa = PBXResourcesBuildPhase;
			buildActionMask = 2147483647;
			files = (
			);
			runOnlyForDeploymentPostprocessing = 0;
		};
/* End PBXResourcesBuildPhase section */

/* Begin PBXSourcesBuildPhase section */
		B77009862182073E00AB1313 /* Sources */ = {
			isa = PBXSourcesBuildPhase;
			buildActionMask = 2147483647;
			files = (
				B77009BC2182090D00AB1313 /* LabelCollectionViewCell.swift in Sources */,
				B7524650218A327B0063F422 /* ExampleCollectionView.swift in Sources */,
				B77009902182073E00AB1313 /* MainViewController.swift in Sources */,
				B770098E2182073E00AB1313 /* AppDelegate.swift in Sources */,
				B77009BE21820B1600AB1313 /* ExampleView.swift in Sources */,
			);
			runOnlyForDeploymentPostprocessing = 0;
		};
		B770099A2182073F00AB1313 /* Sources */ = {
			isa = PBXSourcesBuildPhase;
			buildActionMask = 2147483647;
			files = (
				B77009A32182073F00AB1313 /* LigatureLayoutBugTests.swift in Sources */,
			);
			runOnlyForDeploymentPostprocessing = 0;
		};
		B77009A52182073F00AB1313 /* Sources */ = {
			isa = PBXSourcesBuildPhase;
			buildActionMask = 2147483647;
			files = (
				B77009AE2182073F00AB1313 /* LigatureLayoutBugUITests.swift in Sources */,
			);
			runOnlyForDeploymentPostprocessing = 0;
		};
/* End PBXSourcesBuildPhase section */

/* Begin PBXTargetDependency section */
		B77009A02182073F00AB1313 /* PBXTargetDependency */ = {
			isa = PBXTargetDependency;
			target = B77009892182073E00AB1313 /* LigatureLayoutBug */;
			targetProxy = B770099F2182073F00AB1313 /* PBXContainerItemProxy */;
		};
		B77009AB2182073F00AB1313 /* PBXTargetDependency */ = {
			isa = PBXTargetDependency;
			target = B77009892182073E00AB1313 /* LigatureLayoutBug */;
			targetProxy = B77009AA2182073F00AB1313 /* PBXContainerItemProxy */;
		};
/* End PBXTargetDependency section */

/* Begin PBXVariantGroup section */
		B77009962182073F00AB1313 /* LaunchScreen.storyboard */ = {
			isa = PBXVariantGroup;
			children = (
				B77009972182073F00AB1313 /* Base */,
			);
			name = LaunchScreen.storyboard;
			sourceTree = "<group>";
		};
/* End PBXVariantGroup section */

/* Begin XCBuildConfiguration section */
		B77009B02182073F00AB1313 /* Debug */ = {
			isa = XCBuildConfiguration;
			buildSettings = {
				ALWAYS_SEARCH_USER_PATHS = NO;
				CLANG_ANALYZER_NONNULL = YES;
				CLANG_ANALYZER_NUMBER_OBJECT_CONVERSION = YES_AGGRESSIVE;
				CLANG_CXX_LANGUAGE_STANDARD = "gnu++14";
				CLANG_CXX_LIBRARY = "libc++";
				CLANG_ENABLE_MODULES = YES;
				CLANG_ENABLE_OBJC_ARC = YES;
				CLANG_ENABLE_OBJC_WEAK = YES;
				CLANG_WARN_BLOCK_CAPTURE_AUTORELEASING = YES;
				CLANG_WARN_BOOL_CONVERSION = YES;
				CLANG_WARN_COMMA = YES;
				CLANG_WARN_CONSTANT_CONVERSION = YES;
				CLANG_WARN_DEPRECATED_OBJC_IMPLEMENTATIONS = YES;
				CLANG_WARN_DIRECT_OBJC_ISA_USAGE = YES_ERROR;
				CLANG_WARN_DOCUMENTATION_COMMENTS = YES;
				CLANG_WARN_EMPTY_BODY = YES;
				CLANG_WARN_ENUM_CONVERSION = YES;
				CLANG_WARN_INFINITE_RECURSION = YES;
				CLANG_WARN_INT_CONVERSION = YES;
				CLANG_WARN_NON_LITERAL_NULL_CONVERSION = YES;
				CLANG_WARN_OBJC_IMPLICIT_RETAIN_SELF = YES;
				CLANG_WARN_OBJC_LITERAL_CONVERSION = YES;
				CLANG_WARN_OBJC_ROOT_CLASS = YES_ERROR;
				CLANG_WARN_RANGE_LOOP_ANALYSIS = YES;
				CLANG_WARN_STRICT_PROTOTYPES = YES;
				CLANG_WARN_SUSPICIOUS_MOVE = YES;
				CLANG_WARN_UNGUARDED_AVAILABILITY = YES_AGGRESSIVE;
				CLANG_WARN_UNREACHABLE_CODE = YES;
				CLANG_WARN__DUPLICATE_METHOD_MATCH = YES;
				CODE_SIGN_IDENTITY = "iPhone Developer";
				COPY_PHASE_STRIP = NO;
				DEBUG_INFORMATION_FORMAT = dwarf;
				ENABLE_STRICT_OBJC_MSGSEND = YES;
				ENABLE_TESTABILITY = YES;
				GCC_C_LANGUAGE_STANDARD = gnu11;
				GCC_DYNAMIC_NO_PIC = NO;
				GCC_NO_COMMON_BLOCKS = YES;
				GCC_OPTIMIZATION_LEVEL = 0;
				GCC_PREPROCESSOR_DEFINITIONS = (
					"DEBUG=1",
					"$(inherited)",
				);
				GCC_WARN_64_TO_32_BIT_CONVERSION = YES;
				GCC_WARN_ABOUT_RETURN_TYPE = YES_ERROR;
				GCC_WARN_UNDECLARED_SELECTOR = YES;
				GCC_WARN_UNINITIALIZED_AUTOS = YES_AGGRESSIVE;
				GCC_WARN_UNUSED_FUNCTION = YES;
				GCC_WARN_UNUSED_VARIABLE = YES;
				IPHONEOS_DEPLOYMENT_TARGET = 11.4;
				MTL_ENABLE_DEBUG_INFO = YES;
				ONLY_ACTIVE_ARCH = YES;
				SDKROOT = iphoneos;
				SWIFT_ACTIVE_COMPILATION_CONDITIONS = DEBUG;
				SWIFT_OPTIMIZATION_LEVEL = "-Onone";
			};
			name = Debug;
		};
		B77009B12182073F00AB1313 /* Release */ = {
			isa = XCBuildConfiguration;
			buildSettings = {
				ALWAYS_SEARCH_USER_PATHS = NO;
				CLANG_ANALYZER_NONNULL = YES;
				CLANG_ANALYZER_NUMBER_OBJECT_CONVERSION = YES_AGGRESSIVE;
				CLANG_CXX_LANGUAGE_STANDARD = "gnu++14";
				CLANG_CXX_LIBRARY = "libc++";
				CLANG_ENABLE_MODULES = YES;
				CLANG_ENABLE_OBJC_ARC = YES;
				CLANG_ENABLE_OBJC_WEAK = YES;
				CLANG_WARN_BLOCK_CAPTURE_AUTORELEASING = YES;
				CLANG_WARN_BOOL_CONVERSION = YES;
				CLANG_WARN_COMMA = YES;
				CLANG_WARN_CONSTANT_CONVERSION = YES;
				CLANG_WARN_DEPRECATED_OBJC_IMPLEMENTATIONS = YES;
				CLANG_WARN_DIRECT_OBJC_ISA_USAGE = YES_ERROR;
				CLANG_WARN_DOCUMENTATION_COMMENTS = YES;
				CLANG_WARN_EMPTY_BODY = YES;
				CLANG_WARN_ENUM_CONVERSION = YES;
				CLANG_WARN_INFINITE_RECURSION = YES;
				CLANG_WARN_INT_CONVERSION = YES;
				CLANG_WARN_NON_LITERAL_NULL_CONVERSION = YES;
				CLANG_WARN_OBJC_IMPLICIT_RETAIN_SELF = YES;
				CLANG_WARN_OBJC_LITERAL_CONVERSION = YES;
				CLANG_WARN_OBJC_ROOT_CLASS = YES_ERROR;
				CLANG_WARN_RANGE_LOOP_ANALYSIS = YES;
				CLANG_WARN_STRICT_PROTOTYPES = YES;
				CLANG_WARN_SUSPICIOUS_MOVE = YES;
				CLANG_WARN_UNGUARDED_AVAILABILITY = YES_AGGRESSIVE;
				CLANG_WARN_UNREACHABLE_CODE = YES;
				CLANG_WARN__DUPLICATE_METHOD_MATCH = YES;
				CODE_SIGN_IDENTITY = "iPhone Developer";
				COPY_PHASE_STRIP = NO;
				DEBUG_INFORMATION_FORMAT = "dwarf-with-dsym";
				ENABLE_NS_ASSERTIONS = NO;
				ENABLE_STRICT_OBJC_MSGSEND = YES;
				GCC_C_LANGUAGE_STANDARD = gnu11;
				GCC_NO_COMMON_BLOCKS = YES;
				GCC_WARN_64_TO_32_BIT_CONVERSION = YES;
				GCC_WARN_ABOUT_RETURN_TYPE = YES_ERROR;
				GCC_WARN_UNDECLARED_SELECTOR = YES;
				GCC_WARN_UNINITIALIZED_AUTOS = YES_AGGRESSIVE;
				GCC_WARN_UNUSED_FUNCTION = YES;
				GCC_WARN_UNUSED_VARIABLE = YES;
				IPHONEOS_DEPLOYMENT_TARGET = 11.4;
				MTL_ENABLE_DEBUG_INFO = NO;
				SDKROOT = iphoneos;
				SWIFT_COMPILATION_MODE = wholemodule;
				SWIFT_OPTIMIZATION_LEVEL = "-O";
				VALIDATE_PRODUCT = YES;
			};
			name = Release;
		};
		B77009B32182073F00AB1313 /* Debug */ = {
			isa = XCBuildConfiguration;
			buildSettings = {
				ASSETCATALOG_COMPILER_APPICON_NAME = AppIcon;
				CODE_SIGN_STYLE = Automatic;
				DEVELOPMENT_TEAM = 6438N9QD27;
				INFOPLIST_FILE = LigatureLayoutBug/Info.plist;
				LD_RUNPATH_SEARCH_PATHS = (
					"$(inherited)",
					"@executable_path/Frameworks",
				);
				PRODUCT_BUNDLE_IDENTIFIER = com.urbn.LigatureLayoutBug;
				PRODUCT_NAME = "$(TARGET_NAME)";
				SWIFT_VERSION = 4.0;
				TARGETED_DEVICE_FAMILY = "1,2";
			};
			name = Debug;
		};
		B77009B42182073F00AB1313 /* Release */ = {
			isa = XCBuildConfiguration;
			buildSettings = {
				ASSETCATALOG_COMPILER_APPICON_NAME = AppIcon;
				CODE_SIGN_STYLE = Automatic;
				DEVELOPMENT_TEAM = 6438N9QD27;
				INFOPLIST_FILE = LigatureLayoutBug/Info.plist;
				LD_RUNPATH_SEARCH_PATHS = (
					"$(inherited)",
					"@executable_path/Frameworks",
				);
				PRODUCT_BUNDLE_IDENTIFIER = com.urbn.LigatureLayoutBug;
				PRODUCT_NAME = "$(TARGET_NAME)";
				SWIFT_VERSION = 4.0;
				TARGETED_DEVICE_FAMILY = "1,2";
			};
			name = Release;
		};
		B77009B62182073F00AB1313 /* Debug */ = {
			isa = XCBuildConfiguration;
			buildSettings = {
				ALWAYS_EMBED_SWIFT_STANDARD_LIBRARIES = YES;
				BUNDLE_LOADER = "$(TEST_HOST)";
				CODE_SIGN_STYLE = Automatic;
				DEVELOPMENT_TEAM = 6438N9QD27;
				INFOPLIST_FILE = LigatureLayoutBugTests/Info.plist;
				LD_RUNPATH_SEARCH_PATHS = (
					"$(inherited)",
					"@executable_path/Frameworks",
					"@loader_path/Frameworks",
				);
				PRODUCT_BUNDLE_IDENTIFIER = com.urbn.LigatureLayoutBugTests;
				PRODUCT_NAME = "$(TARGET_NAME)";
				SWIFT_VERSION = 4.0;
				TARGETED_DEVICE_FAMILY = "1,2";
				TEST_HOST = "$(BUILT_PRODUCTS_DIR)/LigatureLayoutBug.app/LigatureLayoutBug";
			};
			name = Debug;
		};
		B77009B72182073F00AB1313 /* Release */ = {
			isa = XCBuildConfiguration;
			buildSettings = {
				ALWAYS_EMBED_SWIFT_STANDARD_LIBRARIES = YES;
				BUNDLE_LOADER = "$(TEST_HOST)";
				CODE_SIGN_STYLE = Automatic;
				DEVELOPMENT_TEAM = 6438N9QD27;
				INFOPLIST_FILE = LigatureLayoutBugTests/Info.plist;
				LD_RUNPATH_SEARCH_PATHS = (
					"$(inherited)",
					"@executable_path/Frameworks",
					"@loader_path/Frameworks",
				);
				PRODUCT_BUNDLE_IDENTIFIER = com.urbn.LigatureLayoutBugTests;
				PRODUCT_NAME = "$(TARGET_NAME)";
				SWIFT_VERSION = 4.0;
				TARGETED_DEVICE_FAMILY = "1,2";
				TEST_HOST = "$(BUILT_PRODUCTS_DIR)/LigatureLayoutBug.app/LigatureLayoutBug";
			};
			name = Release;
		};
		B77009B92182073F00AB1313 /* Debug */ = {
			isa = XCBuildConfiguration;
			buildSettings = {
				ALWAYS_EMBED_SWIFT_STANDARD_LIBRARIES = YES;
				CODE_SIGN_STYLE = Automatic;
				DEVELOPMENT_TEAM = 6438N9QD27;
				INFOPLIST_FILE = LigatureLayoutBugUITests/Info.plist;
				LD_RUNPATH_SEARCH_PATHS = (
					"$(inherited)",
					"@executable_path/Frameworks",
					"@loader_path/Frameworks",
				);
				PRODUCT_BUNDLE_IDENTIFIER = com.urbn.LigatureLayoutBugUITests;
				PRODUCT_NAME = "$(TARGET_NAME)";
				SWIFT_VERSION = 4.0;
				TARGETED_DEVICE_FAMILY = "1,2";
				TEST_TARGET_NAME = LigatureLayoutBug;
			};
			name = Debug;
		};
		B77009BA2182073F00AB1313 /* Release */ = {
			isa = XCBuildConfiguration;
			buildSettings = {
				ALWAYS_EMBED_SWIFT_STANDARD_LIBRARIES = YES;
				CODE_SIGN_STYLE = Automatic;
				DEVELOPMENT_TEAM = 6438N9QD27;
				INFOPLIST_FILE = LigatureLayoutBugUITests/Info.plist;
				LD_RUNPATH_SEARCH_PATHS = (
					"$(inherited)",
					"@executable_path/Frameworks",
					"@loader_path/Frameworks",
				);
				PRODUCT_BUNDLE_IDENTIFIER = com.urbn.LigatureLayoutBugUITests;
				PRODUCT_NAME = "$(TARGET_NAME)";
				SWIFT_VERSION = 4.0;
				TARGETED_DEVICE_FAMILY = "1,2";
				TEST_TARGET_NAME = LigatureLayoutBug;
			};
			name = Release;
		};
/* End XCBuildConfiguration section */

/* Begin XCConfigurationList section */
		B77009852182073E00AB1313 /* Build configuration list for PBXProject "LigatureLayoutBug" */ = {
			isa = XCConfigurationList;
			buildConfigurations = (
				B77009B02182073F00AB1313 /* Debug */,
				B77009B12182073F00AB1313 /* Release */,
			);
			defaultConfigurationIsVisible = 0;
			defaultConfigurationName = Release;
		};
		B77009B22182073F00AB1313 /* Build configuration list for PBXNativeTarget "LigatureLayoutBug" */ = {
			isa = XCConfigurationList;
			buildConfigurations = (
				B77009B32182073F00AB1313 /* Debug */,
				B77009B42182073F00AB1313 /* Release */,
			);
			defaultConfigurationIsVisible = 0;
			defaultConfigurationName = Release;
		};
		B77009B52182073F00AB1313 /* Build configuration list for PBXNativeTarget "LigatureLayoutBugTests" */ = {
			isa = XCConfigurationList;
			buildConfigurations = (
				B77009B62182073F00AB1313 /* Debug */,
				B77009B72182073F00AB1313 /* Release */,
			);
			defaultConfigurationIsVisible = 0;
			defaultConfigurationName = Release;
		};
		B77009B82182073F00AB1313 /* Build configuration list for PBXNativeTarget "LigatureLayoutBugUITests" */ = {
			isa = XCConfigurationList;
			buildConfigurations = (
				B77009B92182073F00AB1313 /* Debug */,
				B77009BA2182073F00AB1313 /* Release */,
			);
			defaultConfigurationIsVisible = 0;
			defaultConfigurationName = Release;
		};
/* End XCConfigurationList section */
	};
	rootObject = B77009822182073E00AB1313 /* Project object */;
}
